
Microsoft Visual Studio Solution File, Format Version 12.00
# Visual Studio Version 17
VisualStudioVersion = 17.6.33723.286
MinimumVisualStudioVersion = 10.0.40219.1
Project("{FAE04EC0-301F-11D3-BF4B-00C04F79EFBC}") = "SFmodule37.UWP", "SFmodule37\SFmodule37.UWP\SFmodule37.UWP.csproj", "{B3B895B1-65F1-429F-8475-D9D68BB49F54}"
EndProject
Project("{FAE04EC0-301F-11D3-BF4B-00C04F79EFBC}") = "SFmodule37.Android", "SFmodule37\SFmodule37.Android\SFmodule37.Android.csproj", "{C5417837-5CD4-4374-972D-095223E83277}"
EndProject
Project("{FAE04EC0-301F-11D3-BF4B-00C04F79EFBC}") = "SFmodule37.iOS", "SFmodule37\SFmodule37.iOS\SFmodule37.iOS.csproj", "{5E2AB3C6-9784-487D-99EC-9C412FAE5BC9}"
EndProject
Project("{FAE04EC0-301F-11D3-BF4B-00C04F79EFBC}") = "SFmodule37", "SFmodule37\SFmodule37\SFmodule37.csproj", "{49645625-9E45-47D7-A7A9-8E7C9EB8BD5B}"
EndProject
Global
	GlobalSection(SolutionConfigurationPlatforms) = preSolution
		Debug|Any CPU = Debug|Any CPU
		Debug|ARM = Debug|ARM
		Debug|iPhone = Debug|iPhone
		Debug|iPhoneSimulator = Debug|iPhoneSimulator
		Debug|x64 = Debug|x64
		Debug|x86 = Debug|x86
		Release|Any CPU = Release|Any CPU
		Release|ARM = Release|ARM
		Release|iPhone = Release|iPhone
		Release|iPhoneSimulator = Release|iPhoneSimulator
		Release|x64 = Release|x64
		Release|x86 = Release|x86
	EndGlobalSection
	GlobalSection(ProjectConfigurationPlatforms) = postSolution
		{B3B895B1-65F1-429F-8475-D9D68BB49F54}.Debug|Any CPU.ActiveCfg = Debug|x64
		{B3B895B1-65F1-429F-8475-D9D68BB49F54}.Debug|Any CPU.Build.0 = Debug|x64
		{B3B895B1-65F1-429F-8475-D9D68BB49F54}.Debug|Any CPU.Deploy.0 = Debug|x64
		{B3B895B1-65F1-429F-8475-D9D68BB49F54}.Debug|ARM.ActiveCfg = Debug|ARM
		{B3B895B1-65F1-429F-8475-D9D68BB49F54}.Debug|ARM.Build.0 = Debug|ARM
		{B3B895B1-65F1-429F-8475-D9D68BB49F54}.Debug|ARM.Deploy.0 = Debug|ARM
		{B3B895B1-65F1-429F-8475-D9D68BB49F54}.Debug|iPhone.ActiveCfg = Debug|x64
		{B3B895B1-65F1-429F-8475-D9D68BB49F54}.Debug|iPhone.Build.0 = Debug|x64
		{B3B895B1-65F1-429F-8475-D9D68BB49F54}.Debug|iPhone.Deploy.0 = Debug|x64
		{B3B895B1-65F1-429F-8475-D9D68BB49F54}.Debug|iPhoneSimulator.ActiveCfg = Debug|x64
		{B3B895B1-65F1-429F-8475-D9D68BB49F54}.Debug|iPhoneSimulator.Build.0 = Debug|x64
		{B3B895B1-65F1-429F-8475-D9D68BB49F54}.Debug|iPhoneSimulator.Deploy.0 = Debug|x64
		{B3B895B1-65F1-429F-8475-D9D68BB49F54}.Debug|x64.ActiveCfg = Debug|x64
		{B3B895B1-65F1-429F-8475-D9D68BB49F54}.Debug|x64.Build.0 = Debug|x64
		{B3B895B1-65F1-429F-8475-D9D68BB49F54}.Debug|x64.Deploy.0 = Debug|x64
		{B3B895B1-65F1-429F-8475-D9D68BB49F54}.Debug|x86.ActiveCfg = Debug|x86
		{B3B895B1-65F1-429F-8475-D9D68BB49F54}.Debug|x86.Build.0 = Debug|x86
		{B3B895B1-65F1-429F-8475-D9D68BB49F54}.Debug|x86.Deploy.0 = Debug|x86
		{B3B895B1-65F1-429F-8475-D9D68BB49F54}.Release|Any CPU.ActiveCfg = Release|x64
		{B3B895B1-65F1-429F-8475-D9D68BB49F54}.Release|Any CPU.Build.0 = Release|x64
		{B3B895B1-65F1-429F-8475-D9D68BB49F54}.Release|Any CPU.Deploy.0 = Release|x64
		{B3B895B1-65F1-429F-8475-D9D68BB49F54}.Release|ARM.ActiveCfg = Release|ARM
		{B3B895B1-65F1-429F-8475-D9D68BB49F54}.Release|ARM.Build.0 = Release|ARM
		{B3B895B1-65F1-429F-8475-D9D68BB49F54}.Release|ARM.Deploy.0 = Release|ARM
		{B3B895B1-65F1-429F-8475-D9D68BB49F54}.Release|iPhone.ActiveCfg = Release|x64
		{B3B895B1-65F1-429F-8475-D9D68BB49F54}.Release|iPhone.Build.0 = Release|x64
		{B3B895B1-65F1-429F-8475-D9D68BB49F54}.Release|iPhone.Deploy.0 = Release|x64
		{B3B895B1-65F1-429F-8475-D9D68BB49F54}.Release|iPhoneSimulator.ActiveCfg = Release|x64
		{B3B895B1-65F1-429F-8475-D9D68BB49F54}.Release|iPhoneSimulator.Build.0 = Release|x64
		{B3B895B1-65F1-429F-8475-D9D68BB49F54}.Release|iPhoneSimulator.Deploy.0 = Release|x64
		{B3B895B1-65F1-429F-8475-D9D68BB49F54}.Release|x64.ActiveCfg = Release|x64
		{B3B895B1-65F1-429F-8475-D9D68BB49F54}.Release|x64.Build.0 = Release|x64
		{B3B895B1-65F1-429F-8475-D9D68BB49F54}.Release|x64.Deploy.0 = Release|x64
		{B3B895B1-65F1-429F-8475-D9D68BB49F54}.Release|x86.ActiveCfg = Release|x86
		{B3B895B1-65F1-429F-8475-D9D68BB49F54}.Release|x86.Build.0 = Release|x86
		{B3B895B1-65F1-429F-8475-D9D68BB49F54}.Release|x86.Deploy.0 = Release|x86
		{C5417837-5CD4-4374-972D-095223E83277}.Debug|Any CPU.ActiveCfg = Debug|Any CPU
		{C5417837-5CD4-4374-972D-095223E83277}.Debug|Any CPU.Build.0 = Debug|Any CPU
		{C5417837-5CD4-4374-972D-095223E83277}.Debug|Any CPU.Deploy.0 = Debug|Any CPU
		{C5417837-5CD4-4374-972D-095223E83277}.Debug|ARM.ActiveCfg = Debug|Any CPU
		{C5417837-5CD4-4374-972D-095223E83277}.Debug|ARM.Build.0 = Debug|Any CPU
		{C5417837-5CD4-4374-972D-095223E83277}.Debug|ARM.Deploy.0 = Debug|Any CPU
		{C5417837-5CD4-4374-972D-095223E83277}.Debug|iPhone.ActiveCfg = Debug|Any CPU
		{C5417837-5CD4-4374-972D-095223E83277}.Debug|iPhone.Build.0 = Debug|Any CPU
		{C5417837-5CD4-4374-972D-095223E83277}.Debug|iPhone.Deploy.0 = Debug|Any CPU
		{C5417837-5CD4-4374-972D-095223E83277}.Debug|iPhoneSimulator.ActiveCfg = Debug|Any CPU
		{C5417837-5CD4-4374-972D-095223E83277}.Debug|iPhoneSimulator.Build.0 = Debug|Any CPU
		{C5417837-5CD4-4374-972D-095223E83277}.Debug|iPhoneSimulator.Deploy.0 = Debug|Any CPU
		{C5417837-5CD4-4374-972D-095223E83277}.Debug|x64.ActiveCfg = Debug|Any CPU
		{C5417837-5CD4-4374-972D-095223E83277}.Debug|x64.Build.0 = Debug|Any CPU
		{C5417837-5CD4-4374-972D-095223E83277}.Debug|x64.Deploy.0 = Debug|Any CPU
		{C5417837-5CD4-4374-972D-095223E83277}.Debug|x86.ActiveCfg = Debug|Any CPU
		{C5417837-5CD4-4374-972D-095223E83277}.Debug|x86.Build.0 = Debug|Any CPU
		{C5417837-5CD4-4374-972D-095223E83277}.Debug|x86.Deploy.0 = Debug|Any CPU
		{C5417837-5CD4-4374-972D-095223E83277}.Release|Any CPU.ActiveCfg = Release|Any CPU
		{C5417837-5CD4-4374-972D-095223E83277}.Release|Any CPU.Build.0 = Release|Any CPU
		{C5417837-5CD4-4374-972D-095223E83277}.Release|Any CPU.Deploy.0 = Release|Any CPU
		{C5417837-5CD4-4374-972D-095223E83277}.Release|ARM.ActiveCfg = Release|Any CPU
		{C5417837-5CD4-4374-972D-095223E83277}.Release|ARM.Build.0 = Release|Any CPU
		{C5417837-5CD4-4374-972D-095223E83277}.Release|ARM.Deploy.0 = Release|Any CPU
		{C5417837-5CD4-4374-972D-095223E83277}.Release|iPhone.ActiveCfg = Release|Any CPU
		{C5417837-5CD4-4374-972D-095223E83277}.Release|iPhone.Build.0 = Release|Any CPU
		{C5417837-5CD4-4374-972D-095223E83277}.Release|iPhone.Deploy.0 = Release|Any CPU
		{C5417837-5CD4-4374-972D-095223E83277}.Release|iPhoneSimulator.ActiveCfg = Release|Any CPU
		{C5417837-5CD4-4374-972D-095223E83277}.Release|iPhoneSimulator.Build.0 = Release|Any CPU
		{C5417837-5CD4-4374-972D-095223E83277}.Release|iPhoneSimulator.Deploy.0 = Release|Any CPU
		{C5417837-5CD4-4374-972D-095223E83277}.Release|x64.ActiveCfg = Release|Any CPU
		{C5417837-5CD4-4374-972D-095223E83277}.Release|x64.Build.0 = Release|Any CPU
		{C5417837-5CD4-4374-972D-095223E83277}.Release|x64.Deploy.0 = Release|Any CPU
		{C5417837-5CD4-4374-972D-095223E83277}.Release|x86.ActiveCfg = Release|Any CPU
		{C5417837-5CD4-4374-972D-095223E83277}.Release|x86.Build.0 = Release|Any CPU
		{C5417837-5CD4-4374-972D-095223E83277}.Release|x86.Deploy.0 = Release|Any CPU
		{5E2AB3C6-9784-487D-99EC-9C412FAE5BC9}.Debug|Any CPU.ActiveCfg = Debug|iPhoneSimulator
		{5E2AB3C6-9784-487D-99EC-9C412FAE5BC9}.Debug|Any CPU.Build.0 = Debug|iPhoneSimulator
		{5E2AB3C6-9784-487D-99EC-9C412FAE5BC9}.Debug|Any CPU.Deploy.0 = Debug|iPhoneSimulator
		{5E2AB3C6-9784-487D-99EC-9C412FAE5BC9}.Debug|ARM.ActiveCfg = Debug|iPhoneSimulator
		{5E2AB3C6-9784-487D-99EC-9C412FAE5BC9}.Debug|ARM.Build.0 = Debug|iPhoneSimulator
		{5E2AB3C6-9784-487D-99EC-9C412FAE5BC9}.Debug|ARM.Deploy.0 = Debug|iPhoneSimulator
		{5E2AB3C6-9784-487D-99EC-9C412FAE5BC9}.Debug|iPhone.ActiveCfg = Debug|iPhone
		{5E2AB3C6-9784-487D-99EC-9C412FAE5BC9}.Debug|iPhone.Build.0 = Debug|iPhone
		{5E2AB3C6-9784-487D-99EC-9C412FAE5BC9}.Debug|iPhone.Deploy.0 = Debug|iPhone
		{5E2AB3C6-9784-487D-99EC-9C412FAE5BC9}.Debug|iPhoneSimulator.ActiveCfg = Debug|iPhoneSimulator
		{5E2AB3C6-9784-487D-99EC-9C412FAE5BC9}.Debug|iPhoneSimulator.Build.0 = Debug|iPhoneSimulator
		{5E2AB3C6-9784-487D-99EC-9C412FAE5BC9}.Debug|iPhoneSimulator.Deploy.0 = Debug|iPhoneSimulator
		{5E2AB3C6-9784-487D-99EC-9C412FAE5BC9}.Debug|x64.ActiveCfg = Debug|iPhone
		{5E2AB3C6-9784-487D-99EC-9C412FAE5BC9}.Debug|x64.Build.0 = Debug|iPhone
		{5E2AB3C6-9784-487D-99EC-9C412FAE5BC9}.Debug|x64.Deploy.0 = Debug|iPhone
		{5E2AB3C6-9784-487D-99EC-9C412FAE5BC9}.Debug|x86.ActiveCfg = Debug|iPhoneSimulator
		{5E2AB3C6-9784-487D-99EC-9C412FAE5BC9}.Debug|x86.Build.0 = Debug|iPhoneSimulator
		{5E2AB3C6-9784-487D-99EC-9C412FAE5BC9}.Debug|x86.Deploy.0 = Debug|iPhoneSimulator
		{5E2AB3C6-9784-487D-99EC-9C412FAE5BC9}.Release|Any CPU.ActiveCfg = Release|iPhoneSimulator
		{5E2AB3C6-9784-487D-99EC-9C412FAE5BC9}.Release|Any CPU.Build.0 = Release|iPhoneSimulator
		{5E2AB3C6-9784-487D-99EC-9C412FAE5BC9}.Release|Any CPU.Deploy.0 = Release|iPhoneSimulator
		{5E2AB3C6-9784-487D-99EC-9C412FAE5BC9}.Release|ARM.ActiveCfg = Release|iPhoneSimulator
		{5E2AB3C6-9784-487D-99EC-9C412FAE5BC9}.Release|ARM.Build.0 = Release|iPhoneSimulator
		{5E2AB3C6-9784-487D-99EC-9C412FAE5BC9}.Release|ARM.Deploy.0 = Release|iPhoneSimulator
		{5E2AB3C6-9784-487D-99EC-9C412FAE5BC9}.Release|iPhone.ActiveCfg = Release|iPhone
		{5E2AB3C6-9784-487D-99EC-9C412FAE5BC9}.Release|iPhone.Build.0 = Release|iPhone
		{5E2AB3C6-9784-487D-99EC-9C412FAE5BC9}.Release|iPhone.Deploy.0 = Release|iPhone
		{5E2AB3C6-9784-487D-99EC-9C412FAE5BC9}.Release|iPhoneSimulator.ActiveCfg = Release|iPhoneSimulator
		{5E2AB3C6-9784-487D-99EC-9C412FAE5BC9}.Release|iPhoneSimulator.Build.0 = Release|iPhoneSimulator
		{5E2AB3C6-9784-487D-99EC-9C412FAE5BC9}.Release|iPhoneSimulator.Deploy.0 = Release|iPhoneSimulator
		{5E2AB3C6-9784-487D-99EC-9C412FAE5BC9}.Release|x64.ActiveCfg = Release|iPhoneSimulator
		{5E2AB3C6-9784-487D-99EC-9C412FAE5BC9}.Release|x64.Build.0 = Release|iPhoneSimulator
		{5E2AB3C6-9784-487D-99EC-9C412FAE5BC9}.Release|x64.Deploy.0 = Release|iPhoneSimulator
		{5E2AB3C6-9784-487D-99EC-9C412FAE5BC9}.Release|x86.ActiveCfg = Release|iPhoneSimulator
		{5E2AB3C6-9784-487D-99EC-9C412FAE5BC9}.Release|x86.Build.0 = Release|iPhoneSimulator
		{5E2AB3C6-9784-487D-99EC-9C412FAE5BC9}.Release|x86.Deploy.0 = Release|iPhoneSimulator
		{49645625-9E45-47D7-A7A9-8E7C9EB8BD5B}.Debug|Any CPU.ActiveCfg = Debug|Any CPU
		{49645625-9E45-47D7-A7A9-8E7C9EB8BD5B}.Debug|Any CPU.Build.0 = Debug|Any CPU
		{49645625-9E45-47D7-A7A9-8E7C9EB8BD5B}.Debug|Any CPU.Deploy.0 = Debug|Any CPU
		{49645625-9E45-47D7-A7A9-8E7C9EB8BD5B}.Debug|ARM.ActiveCfg = Debug|Any CPU
		{49645625-9E45-47D7-A7A9-8E7C9EB8BD5B}.Debug|ARM.Build.0 = Debug|Any CPU
		{49645625-9E45-47D7-A7A9-8E7C9EB8BD5B}.Debug|ARM.Deploy.0 = Debug|Any CPU
		{49645625-9E45-47D7-A7A9-8E7C9EB8BD5B}.Debug|iPhone.ActiveCfg = Debug|Any CPU
		{49645625-9E45-47D7-A7A9-8E7C9EB8BD5B}.Debug|iPhone.Build.0 = Debug|Any CPU
		{49645625-9E45-47D7-A7A9-8E7C9EB8BD5B}.Debug|iPhone.Deploy.0 = Debug|Any CPU
		{49645625-9E45-47D7-A7A9-8E7C9EB8BD5B}.Debug|iPhoneSimulator.ActiveCfg = Debug|Any CPU
		{49645625-9E45-47D7-A7A9-8E7C9EB8BD5B}.Debug|iPhoneSimulator.Build.0 = Debug|Any CPU
		{49645625-9E45-47D7-A7A9-8E7C9EB8BD5B}.Debug|iPhoneSimulator.Deploy.0 = Debug|Any CPU
		{49645625-9E45-47D7-A7A9-8E7C9EB8BD5B}.Debug|x64.ActiveCfg = Debug|Any CPU
		{49645625-9E45-47D7-A7A9-8E7C9EB8BD5B}.Debug|x64.Build.0 = Debug|Any CPU
		{49645625-9E45-47D7-A7A9-8E7C9EB8BD5B}.Debug|x64.Deploy.0 = Debug|Any CPU
		{49645625-9E45-47D7-A7A9-8E7C9EB8BD5B}.Debug|x86.ActiveCfg = Debug|Any CPU
		{49645625-9E45-47D7-A7A9-8E7C9EB8BD5B}.Debug|x86.Build.0 = Debug|Any CPU
		{49645625-9E45-47D7-A7A9-8E7C9EB8BD5B}.Debug|x86.Deploy.0 = Debug|Any CPU
		{49645625-9E45-47D7-A7A9-8E7C9EB8BD5B}.Release|Any CPU.ActiveCfg = Release|Any CPU
		{49645625-9E45-47D7-A7A9-8E7C9EB8BD5B}.Release|Any CPU.Build.0 = Release|Any CPU
		{49645625-9E45-47D7-A7A9-8E7C9EB8BD5B}.Release|Any CPU.Deploy.0 = Release|Any CPU
		{49645625-9E45-47D7-A7A9-8E7C9EB8BD5B}.Release|ARM.ActiveCfg = Release|Any CPU
		{49645625-9E45-47D7-A7A9-8E7C9EB8BD5B}.Release|ARM.Build.0 = Release|Any CPU
		{49645625-9E45-47D7-A7A9-8E7C9EB8BD5B}.Release|ARM.Deploy.0 = Release|Any CPU
		{49645625-9E45-47D7-A7A9-8E7C9EB8BD5B}.Release|iPhone.ActiveCfg = Release|Any CPU
		{49645625-9E45-47D7-A7A9-8E7C9EB8BD5B}.Release|iPhone.Build.0 = Release|Any CPU
		{49645625-9E45-47D7-A7A9-8E7C9EB8BD5B}.Release|iPhone.Deploy.0 = Release|Any CPU
		{49645625-9E45-47D7-A7A9-8E7C9EB8BD5B}.Release|iPhoneSimulator.ActiveCfg = Release|Any CPU
		{49645625-9E45-47D7-A7A9-8E7C9EB8BD5B}.Release|iPhoneSimulator.Build.0 = Release|Any CPU
		{49645625-9E45-47D7-A7A9-8E7C9EB8BD5B}.Release|iPhoneSimulator.Deploy.0 = Release|Any CPU
		{49645625-9E45-47D7-A7A9-8E7C9EB8BD5B}.Release|x64.ActiveCfg = Release|Any CPU
		{49645625-9E45-47D7-A7A9-8E7C9EB8BD5B}.Release|x64.Build.0 = Release|Any CPU
		{49645625-9E45-47D7-A7A9-8E7C9EB8BD5B}.Release|x64.Deploy.0 = Release|Any CPU
		{49645625-9E45-47D7-A7A9-8E7C9EB8BD5B}.Release|x86.ActiveCfg = Release|Any CPU
		{49645625-9E45-47D7-A7A9-8E7C9EB8BD5B}.Release|x86.Build.0 = Release|Any CPU
		{49645625-9E45-47D7-A7A9-8E7C9EB8BD5B}.Release|x86.Deploy.0 = Release|Any CPU
	EndGlobalSection
	GlobalSection(SolutionProperties) = preSolution
		HideSolutionNode = FALSE
	EndGlobalSection
	GlobalSection(ExtensibilityGlobals) = postSolution
		SolutionGuid = {E5B5F829-4491-42B3-8571-8D16F50479EC}
	EndGlobalSection
EndGlobal
